
Microsoft Visual Studio Solution File, Format Version 12.00
# Visual Studio Version 17
VisualStudioVersion = 17.11.35327.3
MinimumVisualStudioVersion = 10.0.40219.1
Project("{9A19103F-16F7-4668-BE54-9A1E7A4F7556}") = "SWEN1_MCTG", "SWEN1_MCTG\SWEN1_MCTG.csproj", "{E540B419-6DC9-48B2-92C8-398A0173FDB9}"
EndProject
Project("{9A19103F-16F7-4668-BE54-9A1E7A4F7556}") = "BattleTest", "BattleTest\BattleTest.csproj", "{6D099B44-B9B4-43F6-BB75-F53D97A8F26A}"
EndProject
Project("{9A19103F-16F7-4668-BE54-9A1E7A4F7556}") = "CardRepositoryTest", "CardRepositoryTest\CardRepositoryTest.csproj", "{60470D3F-FEF9-4951-84A3-B98DA2E04569}"
EndProject
Project("{9A19103F-16F7-4668-BE54-9A1E7A4F7556}") = "CardTest", "CardTest\CardTest.csproj", "{B71D8234-4813-493C-A49E-3FC061B91F30}"
EndProject
Project("{9A19103F-16F7-4668-BE54-9A1E7A4F7556}") = "CoinPurseRepositoryTest", "CoinPurseRepositoryTest\CoinPurseRepositoryTest.csproj", "{A92C9F9B-7CCD-4D56-BC52-85FCC7A76C58}"
EndProject
Project("{2150E333-8FDC-42A3-9474-1A3956D46DE8}") = "RepositoryTests", "RepositoryTests", "{6DEF644C-5D89-4B35-A0E5-2A2C3B903498}"
EndProject
Project("{9A19103F-16F7-4668-BE54-9A1E7A4F7556}") = "PackageServiceTest", "PackageServiceTest\PackageServiceTest.csproj", "{0D07BF9A-1A08-4B96-888F-E8DE10215A64}"
EndProject
Project("{9A19103F-16F7-4668-BE54-9A1E7A4F7556}") = "StackRepositoryTest", "StackRepositoryTest\StackRepositoryTest.csproj", "{8158683B-6662-4A81-BA50-906A57F0AC2E}"
EndProject
Project("{9A19103F-16F7-4668-BE54-9A1E7A4F7556}") = "UserRepositoryTest", "UserRepositoryTest\UserRepositoryTest.csproj", "{F56C6DE8-F41D-4FEB-BB9C-1D4857553024}"
EndProject
Project("{9A19103F-16F7-4668-BE54-9A1E7A4F7556}") = "UserTest", "UserTest\UserTest.csproj", "{2ADA2605-B3FD-4ADD-86A4-7A6F9EDB21B2}"
EndProject
Project("{2150E333-8FDC-42A3-9474-1A3956D46DE8}") = "ClassTests", "ClassTests", "{817E6AC0-1532-4869-811D-A6EF5AB10F32}"
EndProject
Project("{2150E333-8FDC-42A3-9474-1A3956D46DE8}") = "Curl Scripts", "Curl Scripts", "{9504AD84-B9E8-4EEE-9692-C9909D6C5394}"
	ProjectSection(SolutionItems) = preProject
		Curl Scripts\MonsterTradingCards.AcquirePackages.curl.bat = Curl Scripts\MonsterTradingCards.AcquirePackages.curl.bat
		Curl Scripts\MonsterTradingCards.Battle.curl.bat = Curl Scripts\MonsterTradingCards.Battle.curl.bat
		Curl Scripts\MonsterTradingCards.ConfigureDeck.curl.bat = Curl Scripts\MonsterTradingCards.ConfigureDeck.curl.bat
		Curl Scripts\MonsterTradingCards.CreateUser.curl.bat = Curl Scripts\MonsterTradingCards.CreateUser.curl.bat
		Curl Scripts\MonsterTradingCards.EditUserData.curl.bat = Curl Scripts\MonsterTradingCards.EditUserData.curl.bat
		Curl Scripts\MonsterTradingCards.exercise.curl.bat = Curl Scripts\MonsterTradingCards.exercise.curl.bat
		Curl Scripts\MonsterTradingCards.LoginUser.curl.bat = Curl Scripts\MonsterTradingCards.LoginUser.curl.bat
		Curl Scripts\MonsterTradingCards.ShowCards.curl.bat = Curl Scripts\MonsterTradingCards.ShowCards.curl.bat
		Curl Scripts\MonsterTradingCards.ShowStatsAndScoreboard.curl.bat = Curl Scripts\MonsterTradingCards.ShowStatsAndScoreboard.curl.bat
		Curl Scripts\MonsterTradingCards.ShowUnconfiguredDeck.curl.bat = Curl Scripts\MonsterTradingCards.ShowUnconfiguredDeck.curl.bat
	EndProjectSection
EndProject
Global
	GlobalSection(SolutionConfigurationPlatforms) = preSolution
		Debug|Any CPU = Debug|Any CPU
		Release|Any CPU = Release|Any CPU
	EndGlobalSection
	GlobalSection(ProjectConfigurationPlatforms) = postSolution
		{E540B419-6DC9-48B2-92C8-398A0173FDB9}.Debug|Any CPU.ActiveCfg = Debug|Any CPU
		{E540B419-6DC9-48B2-92C8-398A0173FDB9}.Debug|Any CPU.Build.0 = Debug|Any CPU
		{E540B419-6DC9-48B2-92C8-398A0173FDB9}.Release|Any CPU.ActiveCfg = Release|Any CPU
		{E540B419-6DC9-48B2-92C8-398A0173FDB9}.Release|Any CPU.Build.0 = Release|Any CPU
		{6D099B44-B9B4-43F6-BB75-F53D97A8F26A}.Debug|Any CPU.ActiveCfg = Debug|Any CPU
		{6D099B44-B9B4-43F6-BB75-F53D97A8F26A}.Debug|Any CPU.Build.0 = Debug|Any CPU
		{6D099B44-B9B4-43F6-BB75-F53D97A8F26A}.Release|Any CPU.ActiveCfg = Release|Any CPU
		{6D099B44-B9B4-43F6-BB75-F53D97A8F26A}.Release|Any CPU.Build.0 = Release|Any CPU
		{60470D3F-FEF9-4951-84A3-B98DA2E04569}.Debug|Any CPU.ActiveCfg = Debug|Any CPU
		{60470D3F-FEF9-4951-84A3-B98DA2E04569}.Debug|Any CPU.Build.0 = Debug|Any CPU
		{60470D3F-FEF9-4951-84A3-B98DA2E04569}.Release|Any CPU.ActiveCfg = Release|Any CPU
		{60470D3F-FEF9-4951-84A3-B98DA2E04569}.Release|Any CPU.Build.0 = Release|Any CPU
		{B71D8234-4813-493C-A49E-3FC061B91F30}.Debug|Any CPU.ActiveCfg = Debug|Any CPU
		{B71D8234-4813-493C-A49E-3FC061B91F30}.Debug|Any CPU.Build.0 = Debug|Any CPU
		{B71D8234-4813-493C-A49E-3FC061B91F30}.Release|Any CPU.ActiveCfg = Release|Any CPU
		{B71D8234-4813-493C-A49E-3FC061B91F30}.Release|Any CPU.Build.0 = Release|Any CPU
		{A92C9F9B-7CCD-4D56-BC52-85FCC7A76C58}.Debug|Any CPU.ActiveCfg = Debug|Any CPU
		{A92C9F9B-7CCD-4D56-BC52-85FCC7A76C58}.Debug|Any CPU.Build.0 = Debug|Any CPU
		{A92C9F9B-7CCD-4D56-BC52-85FCC7A76C58}.Release|Any CPU.ActiveCfg = Release|Any CPU
		{A92C9F9B-7CCD-4D56-BC52-85FCC7A76C58}.Release|Any CPU.Build.0 = Release|Any CPU
		{0D07BF9A-1A08-4B96-888F-E8DE10215A64}.Debug|Any CPU.ActiveCfg = Debug|Any CPU
		{0D07BF9A-1A08-4B96-888F-E8DE10215A64}.Debug|Any CPU.Build.0 = Debug|Any CPU
		{0D07BF9A-1A08-4B96-888F-E8DE10215A64}.Release|Any CPU.ActiveCfg = Release|Any CPU
		{0D07BF9A-1A08-4B96-888F-E8DE10215A64}.Release|Any CPU.Build.0 = Release|Any CPU
		{8158683B-6662-4A81-BA50-906A57F0AC2E}.Debug|Any CPU.ActiveCfg = Debug|Any CPU
		{8158683B-6662-4A81-BA50-906A57F0AC2E}.Debug|Any CPU.Build.0 = Debug|Any CPU
		{8158683B-6662-4A81-BA50-906A57F0AC2E}.Release|Any CPU.ActiveCfg = Release|Any CPU
		{8158683B-6662-4A81-BA50-906A57F0AC2E}.Release|Any CPU.Build.0 = Release|Any CPU
		{F56C6DE8-F41D-4FEB-BB9C-1D4857553024}.Debug|Any CPU.ActiveCfg = Debug|Any CPU
		{F56C6DE8-F41D-4FEB-BB9C-1D4857553024}.Debug|Any CPU.Build.0 = Debug|Any CPU
		{F56C6DE8-F41D-4FEB-BB9C-1D4857553024}.Release|Any CPU.ActiveCfg = Release|Any CPU
		{F56C6DE8-F41D-4FEB-BB9C-1D4857553024}.Release|Any CPU.Build.0 = Release|Any CPU
		{2ADA2605-B3FD-4ADD-86A4-7A6F9EDB21B2}.Debug|Any CPU.ActiveCfg = Debug|Any CPU
		{2ADA2605-B3FD-4ADD-86A4-7A6F9EDB21B2}.Debug|Any CPU.Build.0 = Debug|Any CPU
		{2ADA2605-B3FD-4ADD-86A4-7A6F9EDB21B2}.Release|Any CPU.ActiveCfg = Release|Any CPU
		{2ADA2605-B3FD-4ADD-86A4-7A6F9EDB21B2}.Release|Any CPU.Build.0 = Release|Any CPU
	EndGlobalSection
	GlobalSection(SolutionProperties) = preSolution
		HideSolutionNode = FALSE
	EndGlobalSection
	GlobalSection(NestedProjects) = preSolution
		{6D099B44-B9B4-43F6-BB75-F53D97A8F26A} = {817E6AC0-1532-4869-811D-A6EF5AB10F32}
		{60470D3F-FEF9-4951-84A3-B98DA2E04569} = {6DEF644C-5D89-4B35-A0E5-2A2C3B903498}
		{B71D8234-4813-493C-A49E-3FC061B91F30} = {817E6AC0-1532-4869-811D-A6EF5AB10F32}
		{A92C9F9B-7CCD-4D56-BC52-85FCC7A76C58} = {6DEF644C-5D89-4B35-A0E5-2A2C3B903498}
		{0D07BF9A-1A08-4B96-888F-E8DE10215A64} = {817E6AC0-1532-4869-811D-A6EF5AB10F32}
		{8158683B-6662-4A81-BA50-906A57F0AC2E} = {6DEF644C-5D89-4B35-A0E5-2A2C3B903498}
		{F56C6DE8-F41D-4FEB-BB9C-1D4857553024} = {6DEF644C-5D89-4B35-A0E5-2A2C3B903498}
		{2ADA2605-B3FD-4ADD-86A4-7A6F9EDB21B2} = {817E6AC0-1532-4869-811D-A6EF5AB10F32}
	EndGlobalSection
	GlobalSection(ExtensibilityGlobals) = postSolution
		SolutionGuid = {03A6ABD7-FB71-4AF3-B4C3-D5FD9B94256A}
	EndGlobalSection
EndGlobal
